
Microsoft Visual Studio Solution File, Format Version 12.00
# Visual Studio Version 17
VisualStudioVersion = 17.4.33205.214
MinimumVisualStudioVersion = 10.0.40219.1
Project("{FAE04EC0-301F-11D3-BF4B-00C04F79EFBC}") = "Module1API", "Module1API\Module1API.csproj", "{B301FF69-49F4-4C7C-8314-BE39C45DBCDA}"
EndProject
Project("{9A19103F-16F7-4668-BE54-9A1E7A4F7556}") = "Module1DataAccess", "Module1DataAccess\Module1DataAccess.csproj", "{6607FDAD-7E3D-4BA9-BD84-0B0F4B5F0588}"
EndProject
Project("{9A19103F-16F7-4668-BE54-9A1E7A4F7556}") = "Module1Model", "Module1Model\Module1Model.csproj", "{2EBAE36F-F482-48C2-8BA8-50396BCBB918}"
EndProject
Global
	GlobalSection(SolutionConfigurationPlatforms) = preSolution
		Debug|Any CPU = Debug|Any CPU
		Release|Any CPU = Release|Any CPU
	EndGlobalSection
	GlobalSection(ProjectConfigurationPlatforms) = postSolution
		{B301FF69-49F4-4C7C-8314-BE39C45DBCDA}.Debug|Any CPU.ActiveCfg = Debug|Any CPU
		{B301FF69-49F4-4C7C-8314-BE39C45DBCDA}.Debug|Any CPU.Build.0 = Debug|Any CPU
		{B301FF69-49F4-4C7C-8314-BE39C45DBCDA}.Release|Any CPU.ActiveCfg = Release|Any CPU
		{B301FF69-49F4-4C7C-8314-BE39C45DBCDA}.Release|Any CPU.Build.0 = Release|Any CPU
		{6607FDAD-7E3D-4BA9-BD84-0B0F4B5F0588}.Debug|Any CPU.ActiveCfg = Debug|Any CPU
		{6607FDAD-7E3D-4BA9-BD84-0B0F4B5F0588}.Debug|Any CPU.Build.0 = Debug|Any CPU
		{6607FDAD-7E3D-4BA9-BD84-0B0F4B5F0588}.Release|Any CPU.ActiveCfg = Release|Any CPU
		{6607FDAD-7E3D-4BA9-BD84-0B0F4B5F0588}.Release|Any CPU.Build.0 = Release|Any CPU
		{2EBAE36F-F482-48C2-8BA8-50396BCBB918}.Debug|Any CPU.ActiveCfg = Debug|Any CPU
		{2EBAE36F-F482-48C2-8BA8-50396BCBB918}.Debug|Any CPU.Build.0 = Debug|Any CPU
		{2EBAE36F-F482-48C2-8BA8-50396BCBB918}.Release|Any CPU.ActiveCfg = Release|Any CPU
		{2EBAE36F-F482-48C2-8BA8-50396BCBB918}.Release|Any CPU.Build.0 = Release|Any CPU
	EndGlobalSection
	GlobalSection(SolutionProperties) = preSolution
		HideSolutionNode = FALSE
	EndGlobalSection
	GlobalSection(ExtensibilityGlobals) = postSolution
		SolutionGuid = {EB19D9A0-619F-4390-8770-115EB6F3686F}
	EndGlobalSection
EndGlobal
